// !$*UTF8*$!
{
	archiveVersion = 1;
	classes = {
	};
	objectVersion = 52;
	objects = {

/* Begin PBXBuildFile section */
		024F3A6424D71DCB00219B21 /* CollectionBuilder.m in Sources */ = {isa = PBXBuildFile; fileRef = 024F3A6324D71DCB00219B21 /* CollectionBuilder.m */; };
		024F3A6624D72A5700219B21 /* FLAnimatedImage.framework in Frameworks */ = {isa = PBXBuildFile; fileRef = 024F3A6524D72A5700219B21 /* FLAnimatedImage.framework */; };
		024F3A6924D72A6100219B21 /* JSONModel.framework in Frameworks */ = {isa = PBXBuildFile; fileRef = 02C8289B24D6E21D00685260 /* JSONModel.framework */; };
		024F3A6D24D749D800219B21 /* CollectionViewLayout.m in Sources */ = {isa = PBXBuildFile; fileRef = 024F3A6C24D749D800219B21 /* CollectionViewLayout.m */; };
		02C5924024D5A9B20086BE85 /* AppDelegate.m in Sources */ = {isa = PBXBuildFile; fileRef = 02C5923F24D5A9B20086BE85 /* AppDelegate.m */; };
		02C5924B24D5A9B30086BE85 /* Assets.xcassets in Resources */ = {isa = PBXBuildFile; fileRef = 02C5924A24D5A9B30086BE85 /* Assets.xcassets */; };
		02C5924E24D5A9B30086BE85 /* LaunchScreen.storyboard in Resources */ = {isa = PBXBuildFile; fileRef = 02C5924C24D5A9B30086BE85 /* LaunchScreen.storyboard */; };
		02C5925124D5A9B30086BE85 /* main.m in Sources */ = {isa = PBXBuildFile; fileRef = 02C5925024D5A9B30086BE85 /* main.m */; };
		02C828A124D6E29400685260 /* JSONModel.framework in Frameworks */ = {isa = PBXBuildFile; fileRef = 02C8289B24D6E21D00685260 /* JSONModel.framework */; platformFilter = ios; };
		02C828AF24D6E39B00685260 /* SearchResultJSONModel.m in Sources */ = {isa = PBXBuildFile; fileRef = 02C828A824D6E39B00685260 /* SearchResultJSONModel.m */; };
		02C828B024D6E39B00685260 /* PaginationJSONModel.m in Sources */ = {isa = PBXBuildFile; fileRef = 02C828AA24D6E39B00685260 /* PaginationJSONModel.m */; };
		02C828B124D6E39B00685260 /* RequestFactory.m in Sources */ = {isa = PBXBuildFile; fileRef = 02C828AC24D6E39B00685260 /* RequestFactory.m */; };
		02C828B224D6E39B00685260 /* NetworkService.m in Sources */ = {isa = PBXBuildFile; fileRef = 02C828AD24D6E39B00685260 /* NetworkService.m */; };
		02C828B424D6E3B000685260 /* URLTests.m in Sources */ = {isa = PBXBuildFile; fileRef = 02C828B324D6E3B000685260 /* URLTests.m */; };
		02C828B724D6E9A600685260 /* ImagesJSONModel.m in Sources */ = {isa = PBXBuildFile; fileRef = 02C828B624D6E9A600685260 /* ImagesJSONModel.m */; };
		02C828BA24D6EF8E00685260 /* FixedHeightImageJSONModel.m in Sources */ = {isa = PBXBuildFile; fileRef = 02C828B924D6EF8E00685260 /* FixedHeightImageJSONModel.m */; };
		02C828BD24D6F34C00685260 /* GIFJSONModel.m in Sources */ = {isa = PBXBuildFile; fileRef = 02C828BC24D6F34C00685260 /* GIFJSONModel.m */; };
		02C828C124D6F78F00685260 /* CollectionViewController.m in Sources */ = {isa = PBXBuildFile; fileRef = 02C828C024D6F78F00685260 /* CollectionViewController.m */; };
		02C828C524D6F7D800685260 /* CollectionViewCell.m in Sources */ = {isa = PBXBuildFile; fileRef = 02C828C424D6F7D800685260 /* CollectionViewCell.m */; };
		02C828CA24D6F88F00685260 /* CollectionPresenter.m in Sources */ = {isa = PBXBuildFile; fileRef = 02C828C924D6F88F00685260 /* CollectionPresenter.m */; };
		02C828CE24D6F90400685260 /* CollectionCellViewModel.m in Sources */ = {isa = PBXBuildFile; fileRef = 02C828CD24D6F90400685260 /* CollectionCellViewModel.m */; };
		02C828D124D7025200685260 /* ImageLoader.m in Sources */ = {isa = PBXBuildFile; fileRef = 02C828D024D7025200685260 /* ImageLoader.m */; };
/* End PBXBuildFile section */

/* Begin PBXContainerItemProxy section */
		02C5925724D5A9B30086BE85 /* PBXContainerItemProxy */ = {
			isa = PBXContainerItemProxy;
			containerPortal = 02C5923324D5A9B20086BE85 /* Project object */;
			proxyType = 1;
			remoteGlobalIDString = 02C5923A24D5A9B20086BE85;
			remoteInfo = "Giphy List";
		};
/* End PBXContainerItemProxy section */

/* Begin PBXFileReference section */
		024F3A6224D71DCB00219B21 /* CollectionBuilder.h */ = {isa = PBXFileReference; lastKnownFileType = sourcecode.c.h; path = CollectionBuilder.h; sourceTree = "<group>"; };
		024F3A6324D71DCB00219B21 /* CollectionBuilder.m */ = {isa = PBXFileReference; lastKnownFileType = sourcecode.c.objc; path = CollectionBuilder.m; sourceTree = "<group>"; };
		024F3A6524D72A5700219B21 /* FLAnimatedImage.framework */ = {isa = PBXFileReference; lastKnownFileType = wrapper.framework; name = FLAnimatedImage.framework; path = Carthage/Build/iOS/FLAnimatedImage.framework; sourceTree = "<group>"; };
		024F3A6B24D749D800219B21 /* CollectionViewLayout.h */ = {isa = PBXFileReference; lastKnownFileType = sourcecode.c.h; path = CollectionViewLayout.h; sourceTree = "<group>"; };
		024F3A6C24D749D800219B21 /* CollectionViewLayout.m */ = {isa = PBXFileReference; lastKnownFileType = sourcecode.c.objc; path = CollectionViewLayout.m; sourceTree = "<group>"; };
		02C5923B24D5A9B20086BE85 /* Giphy List.app */ = {isa = PBXFileReference; explicitFileType = wrapper.application; includeInIndex = 0; path = "Giphy List.app"; sourceTree = BUILT_PRODUCTS_DIR; };
		02C5923E24D5A9B20086BE85 /* AppDelegate.h */ = {isa = PBXFileReference; lastKnownFileType = sourcecode.c.h; path = AppDelegate.h; sourceTree = "<group>"; };
		02C5923F24D5A9B20086BE85 /* AppDelegate.m */ = {isa = PBXFileReference; lastKnownFileType = sourcecode.c.objc; path = AppDelegate.m; sourceTree = "<group>"; };
		02C5924A24D5A9B30086BE85 /* Assets.xcassets */ = {isa = PBXFileReference; lastKnownFileType = folder.assetcatalog; path = Assets.xcassets; sourceTree = "<group>"; };
		02C5924D24D5A9B30086BE85 /* Base */ = {isa = PBXFileReference; lastKnownFileType = file.storyboard; name = Base; path = Base.lproj/LaunchScreen.storyboard; sourceTree = "<group>"; };
		02C5924F24D5A9B30086BE85 /* Info.plist */ = {isa = PBXFileReference; lastKnownFileType = text.plist.xml; path = Info.plist; sourceTree = "<group>"; };
		02C5925024D5A9B30086BE85 /* main.m */ = {isa = PBXFileReference; lastKnownFileType = sourcecode.c.objc; path = main.m; sourceTree = "<group>"; };
		02C5925624D5A9B30086BE85 /* Giphy ListTests.xctest */ = {isa = PBXFileReference; explicitFileType = wrapper.cfbundle; includeInIndex = 0; path = "Giphy ListTests.xctest"; sourceTree = BUILT_PRODUCTS_DIR; };
		02C5925C24D5A9B30086BE85 /* Info.plist */ = {isa = PBXFileReference; lastKnownFileType = text.plist.xml; path = Info.plist; sourceTree = "<group>"; };
		02C8289B24D6E21D00685260 /* JSONModel.framework */ = {isa = PBXFileReference; lastKnownFileType = wrapper.framework; name = JSONModel.framework; path = Carthage/Build/iOS/JSONModel.framework; sourceTree = "<group>"; };
		02C828A324D6E39B00685260 /* NetworkService.h */ = {isa = PBXFileReference; fileEncoding = 4; lastKnownFileType = sourcecode.c.h; path = NetworkService.h; sourceTree = "<group>"; };
		02C828A424D6E39B00685260 /* RequestFactory.h */ = {isa = PBXFileReference; fileEncoding = 4; lastKnownFileType = sourcecode.c.h; path = RequestFactory.h; sourceTree = "<group>"; };
		02C828A724D6E39B00685260 /* PaginationJSONModel.h */ = {isa = PBXFileReference; fileEncoding = 4; lastKnownFileType = sourcecode.c.h; path = PaginationJSONModel.h; sourceTree = "<group>"; };
		02C828A824D6E39B00685260 /* SearchResultJSONModel.m */ = {isa = PBXFileReference; fileEncoding = 4; lastKnownFileType = sourcecode.c.objc; path = SearchResultJSONModel.m; sourceTree = "<group>"; };
		02C828AA24D6E39B00685260 /* PaginationJSONModel.m */ = {isa = PBXFileReference; fileEncoding = 4; lastKnownFileType = sourcecode.c.objc; path = PaginationJSONModel.m; sourceTree = "<group>"; };
		02C828AB24D6E39B00685260 /* SearchResultJSONModel.h */ = {isa = PBXFileReference; fileEncoding = 4; lastKnownFileType = sourcecode.c.h; path = SearchResultJSONModel.h; sourceTree = "<group>"; };
		02C828AC24D6E39B00685260 /* RequestFactory.m */ = {isa = PBXFileReference; fileEncoding = 4; lastKnownFileType = sourcecode.c.objc; path = RequestFactory.m; sourceTree = "<group>"; };
		02C828AD24D6E39B00685260 /* NetworkService.m */ = {isa = PBXFileReference; fileEncoding = 4; lastKnownFileType = sourcecode.c.objc; path = NetworkService.m; sourceTree = "<group>"; };
		02C828B324D6E3B000685260 /* URLTests.m */ = {isa = PBXFileReference; fileEncoding = 4; lastKnownFileType = sourcecode.c.objc; path = URLTests.m; sourceTree = "<group>"; };
		02C828B524D6E9A600685260 /* ImagesJSONModel.h */ = {isa = PBXFileReference; lastKnownFileType = sourcecode.c.h; path = ImagesJSONModel.h; sourceTree = "<group>"; };
		02C828B624D6E9A600685260 /* ImagesJSONModel.m */ = {isa = PBXFileReference; lastKnownFileType = sourcecode.c.objc; path = ImagesJSONModel.m; sourceTree = "<group>"; };
		02C828B824D6EF8E00685260 /* FixedHeightImageJSONModel.h */ = {isa = PBXFileReference; lastKnownFileType = sourcecode.c.h; path = FixedHeightImageJSONModel.h; sourceTree = "<group>"; };
		02C828B924D6EF8E00685260 /* FixedHeightImageJSONModel.m */ = {isa = PBXFileReference; lastKnownFileType = sourcecode.c.objc; path = FixedHeightImageJSONModel.m; sourceTree = "<group>"; };
		02C828BB24D6F34C00685260 /* GIFJSONModel.h */ = {isa = PBXFileReference; lastKnownFileType = sourcecode.c.h; path = GIFJSONModel.h; sourceTree = "<group>"; };
		02C828BC24D6F34C00685260 /* GIFJSONModel.m */ = {isa = PBXFileReference; lastKnownFileType = sourcecode.c.objc; path = GIFJSONModel.m; sourceTree = "<group>"; };
		02C828BF24D6F78F00685260 /* CollectionViewController.h */ = {isa = PBXFileReference; lastKnownFileType = sourcecode.c.h; path = CollectionViewController.h; sourceTree = "<group>"; };
		02C828C024D6F78F00685260 /* CollectionViewController.m */ = {isa = PBXFileReference; lastKnownFileType = sourcecode.c.objc; path = CollectionViewController.m; sourceTree = "<group>"; };
		02C828C324D6F7D800685260 /* CollectionViewCell.h */ = {isa = PBXFileReference; lastKnownFileType = sourcecode.c.h; path = CollectionViewCell.h; sourceTree = "<group>"; };
		02C828C424D6F7D800685260 /* CollectionViewCell.m */ = {isa = PBXFileReference; lastKnownFileType = sourcecode.c.objc; path = CollectionViewCell.m; sourceTree = "<group>"; };
		02C828C824D6F88F00685260 /* CollectionPresenter.h */ = {isa = PBXFileReference; lastKnownFileType = sourcecode.c.h; path = CollectionPresenter.h; sourceTree = "<group>"; };
		02C828C924D6F88F00685260 /* CollectionPresenter.m */ = {isa = PBXFileReference; lastKnownFileType = sourcecode.c.objc; path = CollectionPresenter.m; sourceTree = "<group>"; };
		02C828CC24D6F90400685260 /* CollectionCellViewModel.h */ = {isa = PBXFileReference; lastKnownFileType = sourcecode.c.h; path = CollectionCellViewModel.h; sourceTree = "<group>"; };
		02C828CD24D6F90400685260 /* CollectionCellViewModel.m */ = {isa = PBXFileReference; lastKnownFileType = sourcecode.c.objc; path = CollectionCellViewModel.m; sourceTree = "<group>"; };
		02C828CF24D7025200685260 /* ImageLoader.h */ = {isa = PBXFileReference; lastKnownFileType = sourcecode.c.h; path = ImageLoader.h; sourceTree = "<group>"; };
		02C828D024D7025200685260 /* ImageLoader.m */ = {isa = PBXFileReference; lastKnownFileType = sourcecode.c.objc; path = ImageLoader.m; sourceTree = "<group>"; };
/* End PBXFileReference section */

/* Begin PBXFrameworksBuildPhase section */
		02C5925324D5A9B30086BE85 /* Frameworks */ = {
			isa = PBXFrameworksBuildPhase;
			buildActionMask = 2147483647;
			files = (
				02C828A124D6E29400685260 /* JSONModel.framework in Frameworks */,
			);
			runOnlyForDeploymentPostprocessing = 0;
		};
		02C8289424D60AAC00685260 /* Frameworks */ = {
			isa = PBXFrameworksBuildPhase;
			buildActionMask = 2147483647;
			files = (
				024F3A6924D72A6100219B21 /* JSONModel.framework in Frameworks */,
				024F3A6624D72A5700219B21 /* FLAnimatedImage.framework in Frameworks */,
			);
			runOnlyForDeploymentPostprocessing = 0;
		};
/* End PBXFrameworksBuildPhase section */

/* Begin PBXGroup section */
		02C5923224D5A9B20086BE85 = {
			isa = PBXGroup;
			children = (
				02C5923D24D5A9B20086BE85 /* Giphy List */,
				02C5925924D5A9B30086BE85 /* Giphy ListTests */,
				02C5923C24D5A9B20086BE85 /* Products */,
				02C8289A24D6E21D00685260 /* Frameworks */,
			);
			sourceTree = "<group>";
		};
		02C5923C24D5A9B20086BE85 /* Products */ = {
			isa = PBXGroup;
			children = (
				02C5923B24D5A9B20086BE85 /* Giphy List.app */,
				02C5925624D5A9B30086BE85 /* Giphy ListTests.xctest */,
			);
			name = Products;
			sourceTree = "<group>";
		};
		02C5923D24D5A9B20086BE85 /* Giphy List */ = {
			isa = PBXGroup;
			children = (
				02C828BE24D6F73700685260 /* Collection */,
				02C828A224D6E39B00685260 /* NetworkService */,
				02C5923E24D5A9B20086BE85 /* AppDelegate.h */,
				02C5923F24D5A9B20086BE85 /* AppDelegate.m */,
				02C5924A24D5A9B30086BE85 /* Assets.xcassets */,
				02C5924C24D5A9B30086BE85 /* LaunchScreen.storyboard */,
				02C5924F24D5A9B30086BE85 /* Info.plist */,
				02C5925024D5A9B30086BE85 /* main.m */,
			);
			path = "Giphy List";
			sourceTree = "<group>";
		};
		02C5925924D5A9B30086BE85 /* Giphy ListTests */ = {
			isa = PBXGroup;
			children = (
				02C828B324D6E3B000685260 /* URLTests.m */,
				02C5925C24D5A9B30086BE85 /* Info.plist */,
			);
			path = "Giphy ListTests";
			sourceTree = "<group>";
		};
		02C8289A24D6E21D00685260 /* Frameworks */ = {
			isa = PBXGroup;
			children = (
				024F3A6524D72A5700219B21 /* FLAnimatedImage.framework */,
				02C8289B24D6E21D00685260 /* JSONModel.framework */,
			);
			name = Frameworks;
			sourceTree = "<group>";
		};
		02C828A224D6E39B00685260 /* NetworkService */ = {
			isa = PBXGroup;
			children = (
				02C828A324D6E39B00685260 /* NetworkService.h */,
				02C828AD24D6E39B00685260 /* NetworkService.m */,
				02C828A424D6E39B00685260 /* RequestFactory.h */,
				02C828AC24D6E39B00685260 /* RequestFactory.m */,
				02C828CF24D7025200685260 /* ImageLoader.h */,
				02C828D024D7025200685260 /* ImageLoader.m */,
				02C828A524D6E39B00685260 /* JSONModels */,
			);
			path = NetworkService;
			sourceTree = "<group>";
		};
		02C828A524D6E39B00685260 /* JSONModels */ = {
			isa = PBXGroup;
			children = (
				02C828A724D6E39B00685260 /* PaginationJSONModel.h */,
				02C828AA24D6E39B00685260 /* PaginationJSONModel.m */,
				02C828AB24D6E39B00685260 /* SearchResultJSONModel.h */,
				02C828A824D6E39B00685260 /* SearchResultJSONModel.m */,
				02C828BB24D6F34C00685260 /* GIFJSONModel.h */,
				02C828BC24D6F34C00685260 /* GIFJSONModel.m */,
				02C828B524D6E9A600685260 /* ImagesJSONModel.h */,
				02C828B624D6E9A600685260 /* ImagesJSONModel.m */,
				02C828B824D6EF8E00685260 /* FixedHeightImageJSONModel.h */,
				02C828B924D6EF8E00685260 /* FixedHeightImageJSONModel.m */,
			);
			path = JSONModels;
			sourceTree = "<group>";
		};
		02C828BE24D6F73700685260 /* Collection */ = {
			isa = PBXGroup;
			children = (
				02C828CB24D6F89500685260 /* Model */,
				02C828C724D6F87E00685260 /* Presenter */,
				02C828C624D6F87500685260 /* View */,
				024F3A6224D71DCB00219B21 /* CollectionBuilder.h */,
				024F3A6324D71DCB00219B21 /* CollectionBuilder.m */,
			);
			path = Collection;
			sourceTree = "<group>";
		};
		02C828C624D6F87500685260 /* View */ = {
			isa = PBXGroup;
			children = (
				02C828BF24D6F78F00685260 /* CollectionViewController.h */,
				02C828C024D6F78F00685260 /* CollectionViewController.m */,
				02C828C324D6F7D800685260 /* CollectionViewCell.h */,
				02C828C424D6F7D800685260 /* CollectionViewCell.m */,
				024F3A6B24D749D800219B21 /* CollectionViewLayout.h */,
				024F3A6C24D749D800219B21 /* CollectionViewLayout.m */,
			);
			path = View;
			sourceTree = "<group>";
		};
		02C828C724D6F87E00685260 /* Presenter */ = {
			isa = PBXGroup;
			children = (
				02C828C824D6F88F00685260 /* CollectionPresenter.h */,
				02C828C924D6F88F00685260 /* CollectionPresenter.m */,
			);
			path = Presenter;
			sourceTree = "<group>";
		};
		02C828CB24D6F89500685260 /* Model */ = {
			isa = PBXGroup;
			children = (
				02C828CC24D6F90400685260 /* CollectionCellViewModel.h */,
				02C828CD24D6F90400685260 /* CollectionCellViewModel.m */,
			);
			path = Model;
			sourceTree = "<group>";
		};
/* End PBXGroup section */

/* Begin PBXNativeTarget section */
		02C5923A24D5A9B20086BE85 /* Giphy List */ = {
			isa = PBXNativeTarget;
			buildConfigurationList = 02C5925F24D5A9B30086BE85 /* Build configuration list for PBXNativeTarget "Giphy List" */;
			buildPhases = (
				02C5923724D5A9B20086BE85 /* Sources */,
				02C5923924D5A9B20086BE85 /* Resources */,
				02C8289424D60AAC00685260 /* Frameworks */,
				02C828A024D6E23B00685260 /* ShellScript */,
			);
			buildRules = (
			);
			dependencies = (
			);
			name = "Giphy List";
			productName = "Giphy List";
			productReference = 02C5923B24D5A9B20086BE85 /* Giphy List.app */;
			productType = "com.apple.product-type.application";
		};
		02C5925524D5A9B30086BE85 /* Giphy ListTests */ = {
			isa = PBXNativeTarget;
			buildConfigurationList = 02C5926224D5A9B30086BE85 /* Build configuration list for PBXNativeTarget "Giphy ListTests" */;
			buildPhases = (
				02C5925224D5A9B30086BE85 /* Sources */,
				02C5925324D5A9B30086BE85 /* Frameworks */,
				02C5925424D5A9B30086BE85 /* Resources */,
			);
			buildRules = (
			);
			dependencies = (
				02C5925824D5A9B30086BE85 /* PBXTargetDependency */,
			);
			name = "Giphy ListTests";
			productName = "Giphy ListTests";
			productReference = 02C5925624D5A9B30086BE85 /* Giphy ListTests.xctest */;
			productType = "com.apple.product-type.bundle.unit-test";
		};
/* End PBXNativeTarget section */

/* Begin PBXProject section */
		02C5923324D5A9B20086BE85 /* Project object */ = {
			isa = PBXProject;
			attributes = {
				LastUpgradeCheck = 1130;
				ORGANIZATIONNAME = "Nikita Tepliakov";
				TargetAttributes = {
					02C5923A24D5A9B20086BE85 = {
						CreatedOnToolsVersion = 11.3.1;
					};
					02C5925524D5A9B30086BE85 = {
						CreatedOnToolsVersion = 11.3.1;
						TestTargetID = 02C5923A24D5A9B20086BE85;
					};
				};
			};
			buildConfigurationList = 02C5923624D5A9B20086BE85 /* Build configuration list for PBXProject "Giphy List" */;
			compatibilityVersion = "Xcode 9.3";
			developmentRegion = en;
			hasScannedForEncodings = 0;
			knownRegions = (
				en,
				Base,
			);
			mainGroup = 02C5923224D5A9B20086BE85;
			productRefGroup = 02C5923C24D5A9B20086BE85 /* Products */;
			projectDirPath = "";
			projectRoot = "";
			targets = (
				02C5923A24D5A9B20086BE85 /* Giphy List */,
				02C5925524D5A9B30086BE85 /* Giphy ListTests */,
			);
		};
/* End PBXProject section */

/* Begin PBXResourcesBuildPhase section */
		02C5923924D5A9B20086BE85 /* Resources */ = {
			isa = PBXResourcesBuildPhase;
			buildActionMask = 2147483647;
			files = (
				02C5924E24D5A9B30086BE85 /* LaunchScreen.storyboard in Resources */,
				02C5924B24D5A9B30086BE85 /* Assets.xcassets in Resources */,
			);
			runOnlyForDeploymentPostprocessing = 0;
		};
		02C5925424D5A9B30086BE85 /* Resources */ = {
			isa = PBXResourcesBuildPhase;
			buildActionMask = 2147483647;
			files = (
			);
			runOnlyForDeploymentPostprocessing = 0;
		};
/* End PBXResourcesBuildPhase section */

/* Begin PBXShellScriptBuildPhase section */
		02C828A024D6E23B00685260 /* ShellScript */ = {
			isa = PBXShellScriptBuildPhase;
			buildActionMask = 2147483647;
			files = (
			);
			inputFileListPaths = (
			);
			inputPaths = (
				"$(SRCROOT)/Carthage/Build/iOS/JSONModel.framework",
				"$(SRCROOT)/Carthage/Build/iOS/FLAnimatedImage.framework",
			);
			outputFileListPaths = (
			);
			outputPaths = (
				"$(BUILT_PRODUCTS_DIR)/$(FRAMEWORKS_FOLDER_PATH)/JSONModel.framework",
				"$(BUILT_PRODUCTS_DIR)/$(FRAMEWORKS_FOLDER_PATH)/FLAnimatedImage.framework",
			);
			runOnlyForDeploymentPostprocessing = 0;
			shellPath = /bin/sh;
			shellScript = "/usr/local/bin/carthage copy-frameworks\n";
		};
/* End PBXShellScriptBuildPhase section */

/* Begin PBXSourcesBuildPhase section */
		02C5923724D5A9B20086BE85 /* Sources */ = {
			isa = PBXSourcesBuildPhase;
			buildActionMask = 2147483647;
			files = (
				02C828D124D7025200685260 /* ImageLoader.m in Sources */,
				02C828B124D6E39B00685260 /* RequestFactory.m in Sources */,
				02C5924024D5A9B20086BE85 /* AppDelegate.m in Sources */,
				02C828BD24D6F34C00685260 /* GIFJSONModel.m in Sources */,
				02C5925124D5A9B30086BE85 /* main.m in Sources */,
				02C828CA24D6F88F00685260 /* CollectionPresenter.m in Sources */,
				024F3A6D24D749D800219B21 /* CollectionViewLayout.m in Sources */,
				02C828BA24D6EF8E00685260 /* FixedHeightImageJSONModel.m in Sources */,
				02C828AF24D6E39B00685260 /* SearchResultJSONModel.m in Sources */,
				02C828B024D6E39B00685260 /* PaginationJSONModel.m in Sources */,
				02C828B724D6E9A600685260 /* ImagesJSONModel.m in Sources */,
				024F3A6424D71DCB00219B21 /* CollectionBuilder.m in Sources */,
				02C828CE24D6F90400685260 /* CollectionCellViewModel.m in Sources */,
				02C828C124D6F78F00685260 /* CollectionViewController.m in Sources */,
				02C828C524D6F7D800685260 /* CollectionViewCell.m in Sources */,
				02C828B224D6E39B00685260 /* NetworkService.m in Sources */,
			);
			runOnlyForDeploymentPostprocessing = 0;
		};
		02C5925224D5A9B30086BE85 /* Sources */ = {
			isa = PBXSourcesBuildPhase;
			buildActionMask = 2147483647;
			files = (
				02C828B424D6E3B000685260 /* URLTests.m in Sources */,
			);
			runOnlyForDeploymentPostprocessing = 0;
		};
/* End PBXSourcesBuildPhase section */

/* Begin PBXTargetDependency section */
		02C5925824D5A9B30086BE85 /* PBXTargetDependency */ = {
			isa = PBXTargetDependency;
			target = 02C5923A24D5A9B20086BE85 /* Giphy List */;
			targetProxy = 02C5925724D5A9B30086BE85 /* PBXContainerItemProxy */;
		};
/* End PBXTargetDependency section */

/* Begin PBXVariantGroup section */
		02C5924C24D5A9B30086BE85 /* LaunchScreen.storyboard */ = {
			isa = PBXVariantGroup;
			children = (
				02C5924D24D5A9B30086BE85 /* Base */,
			);
			name = LaunchScreen.storyboard;
			sourceTree = "<group>";
		};
/* End PBXVariantGroup section */

/* Begin XCBuildConfiguration section */
		02C5925D24D5A9B30086BE85 /* Debug */ = {
			isa = XCBuildConfiguration;
			buildSettings = {
				ALWAYS_SEARCH_USER_PATHS = NO;
				CLANG_ANALYZER_NONNULL = YES;
				CLANG_ANALYZER_NUMBER_OBJECT_CONVERSION = YES_AGGRESSIVE;
				CLANG_CXX_LANGUAGE_STANDARD = "gnu++14";
				CLANG_CXX_LIBRARY = "libc++";
				CLANG_ENABLE_MODULES = YES;
				CLANG_ENABLE_OBJC_ARC = YES;
				CLANG_ENABLE_OBJC_WEAK = YES;
				CLANG_WARN_BLOCK_CAPTURE_AUTORELEASING = YES;
				CLANG_WARN_BOOL_CONVERSION = YES;
				CLANG_WARN_COMMA = YES;
				CLANG_WARN_CONSTANT_CONVERSION = YES;
				CLANG_WARN_DEPRECATED_OBJC_IMPLEMENTATIONS = YES;
				CLANG_WARN_DIRECT_OBJC_ISA_USAGE = YES_ERROR;
				CLANG_WARN_DOCUMENTATION_COMMENTS = YES;
				CLANG_WARN_EMPTY_BODY = YES;
				CLANG_WARN_ENUM_CONVERSION = YES;
				CLANG_WARN_INFINITE_RECURSION = YES;
				CLANG_WARN_INT_CONVERSION = YES;
				CLANG_WARN_NON_LITERAL_NULL_CONVERSION = YES;
				CLANG_WARN_OBJC_IMPLICIT_RETAIN_SELF = YES;
				CLANG_WARN_OBJC_LITERAL_CONVERSION = YES;
				CLANG_WARN_OBJC_ROOT_CLASS = YES_ERROR;
				CLANG_WARN_RANGE_LOOP_ANALYSIS = YES;
				CLANG_WARN_STRICT_PROTOTYPES = YES;
				CLANG_WARN_SUSPICIOUS_MOVE = YES;
				CLANG_WARN_UNGUARDED_AVAILABILITY = YES_AGGRESSIVE;
				CLANG_WARN_UNREACHABLE_CODE = YES;
				CLANG_WARN__DUPLICATE_METHOD_MATCH = YES;
				COPY_PHASE_STRIP = NO;
				DEBUG_INFORMATION_FORMAT = dwarf;
				ENABLE_STRICT_OBJC_MSGSEND = YES;
				ENABLE_TESTABILITY = YES;
				GCC_C_LANGUAGE_STANDARD = gnu11;
				GCC_DYNAMIC_NO_PIC = NO;
				GCC_NO_COMMON_BLOCKS = YES;
				GCC_OPTIMIZATION_LEVEL = 0;
				GCC_PREPROCESSOR_DEFINITIONS = (
					"DEBUG=1",
					"$(inherited)",
				);
				GCC_WARN_64_TO_32_BIT_CONVERSION = YES;
				GCC_WARN_ABOUT_RETURN_TYPE = YES_ERROR;
				GCC_WARN_UNDECLARED_SELECTOR = YES;
				GCC_WARN_UNINITIALIZED_AUTOS = YES_AGGRESSIVE;
				GCC_WARN_UNUSED_FUNCTION = YES;
				GCC_WARN_UNUSED_VARIABLE = YES;
				IPHONEOS_DEPLOYMENT_TARGET = 13.2;
				MTL_ENABLE_DEBUG_INFO = INCLUDE_SOURCE;
				MTL_FAST_MATH = YES;
				ONLY_ACTIVE_ARCH = YES;
				SDKROOT = iphoneos;
			};
			name = Debug;
		};
		02C5925E24D5A9B30086BE85 /* Release */ = {
			isa = XCBuildConfiguration;
			buildSettings = {
				ALWAYS_SEARCH_USER_PATHS = NO;
				CLANG_ANALYZER_NONNULL = YES;
				CLANG_ANALYZER_NUMBER_OBJECT_CONVERSION = YES_AGGRESSIVE;
				CLANG_CXX_LANGUAGE_STANDARD = "gnu++14";
				CLANG_CXX_LIBRARY = "libc++";
				CLANG_ENABLE_MODULES = YES;
				CLANG_ENABLE_OBJC_ARC = YES;
				CLANG_ENABLE_OBJC_WEAK = YES;
				CLANG_WARN_BLOCK_CAPTURE_AUTORELEASING = YES;
				CLANG_WARN_BOOL_CONVERSION = YES;
				CLANG_WARN_COMMA = YES;
				CLANG_WARN_CONSTANT_CONVERSION = YES;
				CLANG_WARN_DEPRECATED_OBJC_IMPLEMENTATIONS = YES;
				CLANG_WARN_DIRECT_OBJC_ISA_USAGE = YES_ERROR;
				CLANG_WARN_DOCUMENTATION_COMMENTS = YES;
				CLANG_WARN_EMPTY_BODY = YES;
				CLANG_WARN_ENUM_CONVERSION = YES;
				CLANG_WARN_INFINITE_RECURSION = YES;
				CLANG_WARN_INT_CONVERSION = YES;
				CLANG_WARN_NON_LITERAL_NULL_CONVERSION = YES;
				CLANG_WARN_OBJC_IMPLICIT_RETAIN_SELF = YES;
				CLANG_WARN_OBJC_LITERAL_CONVERSION = YES;
				CLANG_WARN_OBJC_ROOT_CLASS = YES_ERROR;
				CLANG_WARN_RANGE_LOOP_ANALYSIS = YES;
				CLANG_WARN_STRICT_PROTOTYPES = YES;
				CLANG_WARN_SUSPICIOUS_MOVE = YES;
				CLANG_WARN_UNGUARDED_AVAILABILITY = YES_AGGRESSIVE;
				CLANG_WARN_UNREACHABLE_CODE = YES;
				CLANG_WARN__DUPLICATE_METHOD_MATCH = YES;
				COPY_PHASE_STRIP = NO;
				DEBUG_INFORMATION_FORMAT = "dwarf-with-dsym";
				ENABLE_NS_ASSERTIONS = NO;
				ENABLE_STRICT_OBJC_MSGSEND = YES;
				GCC_C_LANGUAGE_STANDARD = gnu11;
				GCC_NO_COMMON_BLOCKS = YES;
				GCC_WARN_64_TO_32_BIT_CONVERSION = YES;
				GCC_WARN_ABOUT_RETURN_TYPE = YES_ERROR;
				GCC_WARN_UNDECLARED_SELECTOR = YES;
				GCC_WARN_UNINITIALIZED_AUTOS = YES_AGGRESSIVE;
				GCC_WARN_UNUSED_FUNCTION = YES;
				GCC_WARN_UNUSED_VARIABLE = YES;
				IPHONEOS_DEPLOYMENT_TARGET = 13.2;
				MTL_ENABLE_DEBUG_INFO = NO;
				MTL_FAST_MATH = YES;
				SDKROOT = iphoneos;
				VALIDATE_PRODUCT = YES;
			};
			name = Release;
		};
		02C5926024D5A9B30086BE85 /* Debug */ = {
			isa = XCBuildConfiguration;
			buildSettings = {
				ASSETCATALOG_COMPILER_APPICON_NAME = AppIcon;
				CODE_SIGN_STYLE = Automatic;
				FRAMEWORK_SEARCH_PATHS = (
					"$(inherited)",
					"$(PROJECT_DIR)/Carthage/Build/iOS",
				);
				INFOPLIST_FILE = "Giphy List/Info.plist";
				LD_RUNPATH_SEARCH_PATHS = (
					"$(inherited)",
					"@executable_path/Frameworks",
				);
				PRODUCT_BUNDLE_IDENTIFIER = "com.nikita-tepliakov.Giphy-List";
				PRODUCT_NAME = "$(TARGET_NAME)";
				TARGETED_DEVICE_FAMILY = 1;
			};
			name = Debug;
		};
		02C5926124D5A9B30086BE85 /* Release */ = {
			isa = XCBuildConfiguration;
			buildSettings = {
				ASSETCATALOG_COMPILER_APPICON_NAME = AppIcon;
				CODE_SIGN_STYLE = Automatic;
				FRAMEWORK_SEARCH_PATHS = (
					"$(inherited)",
					"$(PROJECT_DIR)/Carthage/Build/iOS",
				);
				INFOPLIST_FILE = "Giphy List/Info.plist";
				LD_RUNPATH_SEARCH_PATHS = (
					"$(inherited)",
					"@executable_path/Frameworks",
				);
				PRODUCT_BUNDLE_IDENTIFIER = "com.nikita-tepliakov.Giphy-List";
				PRODUCT_NAME = "$(TARGET_NAME)";
				TARGETED_DEVICE_FAMILY = 1;
			};
			name = Release;
		};
		02C5926324D5A9B30086BE85 /* Debug */ = {
			isa = XCBuildConfiguration;
			buildSettings = {
				BUNDLE_LOADER = "$(TEST_HOST)";
				CODE_SIGN_STYLE = Automatic;
				FRAMEWORK_SEARCH_PATHS = (
					"$(inherited)",
					"$(PROJECT_DIR)/Carthage/Build/iOS",
				);
				INFOPLIST_FILE = "Giphy ListTests/Info.plist";
				IPHONEOS_DEPLOYMENT_TARGET = 13.2;
				LD_RUNPATH_SEARCH_PATHS = (
					"$(inherited)",
					"@executable_path/Frameworks",
					"@loader_path/Frameworks",
				);
				PRODUCT_BUNDLE_IDENTIFIER = "com.nikita-tepliakov.Giphy-ListTests";
				PRODUCT_NAME = "$(TARGET_NAME)";
				TARGETED_DEVICE_FAMILY = "1,2";
				TEST_HOST = "$(BUILT_PRODUCTS_DIR)/Giphy List.app/Giphy List";
			};
			name = Debug;
		};
		02C5926424D5A9B30086BE85 /* Release */ = {
			isa = XCBuildConfiguration;
			buildSettings = {
				BUNDLE_LOADER = "$(TEST_HOST)";
				CODE_SIGN_STYLE = Automatic;
				FRAMEWORK_SEARCH_PATHS = (
					"$(inherited)",
					"$(PROJECT_DIR)/Carthage/Build/iOS",
				);
				INFOPLIST_FILE = "Giphy ListTests/Info.plist";
				IPHONEOS_DEPLOYMENT_TARGET = 13.2;
				LD_RUNPATH_SEARCH_PATHS = (
					"$(inherited)",
					"@executable_path/Frameworks",
					"@loader_path/Frameworks",
				);
				PRODUCT_BUNDLE_IDENTIFIER = "com.nikita-tepliakov.Giphy-ListTests";
				PRODUCT_NAME = "$(TARGET_NAME)";
				TARGETED_DEVICE_FAMILY = "1,2";
				TEST_HOST = "$(BUILT_PRODUCTS_DIR)/Giphy List.app/Giphy List";
			};
			name = Release;
		};
/* End XCBuildConfiguration section */

/* Begin XCConfigurationList section */
		02C5923624D5A9B20086BE85 /* Build configuration list for PBXProject "Giphy List" */ = {
			isa = XCConfigurationList;
			buildConfigurations = (
				02C5925D24D5A9B30086BE85 /* Debug */,
				02C5925E24D5A9B30086BE85 /* Release */,
			);
			defaultConfigurationIsVisible = 0;
			defaultConfigurationName = Release;
		};
		02C5925F24D5A9B30086BE85 /* Build configuration list for PBXNativeTarget "Giphy List" */ = {
			isa = XCConfigurationList;
			buildConfigurations = (
				02C5926024D5A9B30086BE85 /* Debug */,
				02C5926124D5A9B30086BE85 /* Release */,
			);
			defaultConfigurationIsVisible = 0;
			defaultConfigurationName = Release;
		};
		02C5926224D5A9B30086BE85 /* Build configuration list for PBXNativeTarget "Giphy ListTests" */ = {
			isa = XCConfigurationList;
			buildConfigurations = (
				02C5926324D5A9B30086BE85 /* Debug */,
				02C5926424D5A9B30086BE85 /* Release */,
			);
			defaultConfigurationIsVisible = 0;
			defaultConfigurationName = Release;
		};
/* End XCConfigurationList section */
	};
	rootObject = 02C5923324D5A9B20086BE85 /* Project object */;
}
